// !$*UTF8*$!
{
	archiveVersion = 1;
	classes = {
	};
	objectVersion = 56;
	objects = {

/* Begin PBXBuildFile section */
		2401FFCE2954A52900CF36E1 /* ScreenOne.swift in Sources */ = {isa = PBXBuildFile; fileRef = 2401FFCD2954A52900CF36E1 /* ScreenOne.swift */; };
		240896302950BC3C00AD15CE /* EmptyViewForSearch.swift in Sources */ = {isa = PBXBuildFile; fileRef = 2408962F2950BC3C00AD15CE /* EmptyViewForSearch.swift */; };
		2436180D294F548900ACB662 /* Database.swift in Sources */ = {isa = PBXBuildFile; fileRef = 2436180C294F548900ACB662 /* Database.swift */; };
		248A32B92959F10E0036DFD5 /* PhotosPickerViewModel.swift in Sources */ = {isa = PBXBuildFile; fileRef = 248A32B82959F10E0036DFD5 /* PhotosPickerViewModel.swift */; };
		248A32BB295A04270036DFD5 /* PhotoPicker.swift in Sources */ = {isa = PBXBuildFile; fileRef = 248A32BA295A04270036DFD5 /* PhotoPicker.swift */; };
		248A32F6295A17CA0036DFD5 /* Alamofire in Frameworks */ = {isa = PBXBuildFile; productRef = 248A32F5295A17CA0036DFD5 /* Alamofire */; };
		248A32F8295A25BC0036DFD5 /* CustomTabBarView.swift in Sources */ = {isa = PBXBuildFile; fileRef = 248A32F7295A25BC0036DFD5 /* CustomTabBarView.swift */; };
		248A32FA295A26F80036DFD5 /* CustomTabBar.swift in Sources */ = {isa = PBXBuildFile; fileRef = 248A32F9295A26F80036DFD5 /* CustomTabBar.swift */; };
		24C7F23E294DC2360021BAB1 /* DetailView.swift in Sources */ = {isa = PBXBuildFile; fileRef = 24C7F23D294DC2360021BAB1 /* DetailView.swift */; };
		24CC93722949FD7F00495FF1 /* AsyncImageCahcingWithGenericJsonApiApp.swift in Sources */ = {isa = PBXBuildFile; fileRef = 24CC93712949FD7F00495FF1 /* AsyncImageCahcingWithGenericJsonApiApp.swift */; };
		24CC93762949FD8000495FF1 /* Assets.xcassets in Resources */ = {isa = PBXBuildFile; fileRef = 24CC93752949FD8000495FF1 /* Assets.xcassets */; };
		24CC937A2949FD8000495FF1 /* Preview Assets.xcassets in Resources */ = {isa = PBXBuildFile; fileRef = 24CC93792949FD8000495FF1 /* Preview Assets.xcassets */; };
		24CC9383294A1D3F00495FF1 /* Constants.swift in Sources */ = {isa = PBXBuildFile; fileRef = 24CC9382294A1D3F00495FF1 /* Constants.swift */; };
		24CC9388294A1D7100495FF1 /* AsyncGenericApi.swift in Sources */ = {isa = PBXBuildFile; fileRef = 24CC9385294A1D7100495FF1 /* AsyncGenericApi.swift */; };
		24CC9389294A1D7100495FF1 /* Client.swift in Sources */ = {isa = PBXBuildFile; fileRef = 24CC9386294A1D7100495FF1 /* Client.swift */; };
		24CC938A294A1D7100495FF1 /* ApiError.swift in Sources */ = {isa = PBXBuildFile; fileRef = 24CC9387294A1D7100495FF1 /* ApiError.swift */; };
		24CC939B294A1FA100495FF1 /* HomeViewModel.swift in Sources */ = {isa = PBXBuildFile; fileRef = 24CC939A294A1FA100495FF1 /* HomeViewModel.swift */; };
		24CC93A0294A215800495FF1 /* Character.swift in Sources */ = {isa = PBXBuildFile; fileRef = 24CC939F294A215800495FF1 /* Character.swift */; };
		24D7AB2C29604D580012EEE6 /* CustomTabBarButton.swift in Sources */ = {isa = PBXBuildFile; fileRef = 24D7AB2B29604D580012EEE6 /* CustomTabBarButton.swift */; };
		24E48022294A297500C83437 /* HomeViewCell.swift in Sources */ = {isa = PBXBuildFile; fileRef = 24E48021294A297500C83437 /* HomeViewCell.swift */; };
		24E48024294A298100C83437 /* HomeView.swift in Sources */ = {isa = PBXBuildFile; fileRef = 24E48023294A298100C83437 /* HomeView.swift */; };
		24E4802D294A29B300C83437 /* CachedImage.swift in Sources */ = {isa = PBXBuildFile; fileRef = 24E48028294A29B300C83437 /* CachedImage.swift */; };
		24E4802E294A29B300C83437 /* ImageCache.swift in Sources */ = {isa = PBXBuildFile; fileRef = 24E48029294A29B300C83437 /* ImageCache.swift */; };
		24E4802F294A29B300C83437 /* CachedImageManager.swift in Sources */ = {isa = PBXBuildFile; fileRef = 24E4802A294A29B300C83437 /* CachedImageManager.swift */; };
		24E48030294A29B300C83437 /* ImageRetriver.swift in Sources */ = {isa = PBXBuildFile; fileRef = 24E4802B294A29B300C83437 /* ImageRetriver.swift */; };
		24E48031294A29B300C83437 /* FileStorageManager.swift in Sources */ = {isa = PBXBuildFile; fileRef = 24E4802C294A29B300C83437 /* FileStorageManager.swift */; };
/* End PBXBuildFile section */

/* Begin PBXFileReference section */
		2401FFCD2954A52900CF36E1 /* ScreenOne.swift */ = {isa = PBXFileReference; lastKnownFileType = sourcecode.swift; path = ScreenOne.swift; sourceTree = "<group>"; };
		2408962F2950BC3C00AD15CE /* EmptyViewForSearch.swift */ = {isa = PBXFileReference; lastKnownFileType = sourcecode.swift; path = EmptyViewForSearch.swift; sourceTree = "<group>"; };
		2436180C294F548900ACB662 /* Database.swift */ = {isa = PBXFileReference; fileEncoding = 4; lastKnownFileType = sourcecode.swift; path = Database.swift; sourceTree = "<group>"; };
		248A32B82959F10E0036DFD5 /* PhotosPickerViewModel.swift */ = {isa = PBXFileReference; lastKnownFileType = sourcecode.swift; path = PhotosPickerViewModel.swift; sourceTree = "<group>"; };
		248A32BA295A04270036DFD5 /* PhotoPicker.swift */ = {isa = PBXFileReference; lastKnownFileType = sourcecode.swift; path = PhotoPicker.swift; sourceTree = "<group>"; };
		248A32F7295A25BC0036DFD5 /* CustomTabBarView.swift */ = {isa = PBXFileReference; lastKnownFileType = sourcecode.swift; path = CustomTabBarView.swift; sourceTree = "<group>"; };
		248A32F9295A26F80036DFD5 /* CustomTabBar.swift */ = {isa = PBXFileReference; lastKnownFileType = sourcecode.swift; path = CustomTabBar.swift; sourceTree = "<group>"; };
		24C7F23D294DC2360021BAB1 /* DetailView.swift */ = {isa = PBXFileReference; lastKnownFileType = sourcecode.swift; path = DetailView.swift; sourceTree = "<group>"; };
		24CC936E2949FD7F00495FF1 /* AsyncImageCahcingWithGenericJsonApi.app */ = {isa = PBXFileReference; explicitFileType = wrapper.application; includeInIndex = 0; path = AsyncImageCahcingWithGenericJsonApi.app; sourceTree = BUILT_PRODUCTS_DIR; };
		24CC93712949FD7F00495FF1 /* AsyncImageCahcingWithGenericJsonApiApp.swift */ = {isa = PBXFileReference; lastKnownFileType = sourcecode.swift; path = AsyncImageCahcingWithGenericJsonApiApp.swift; sourceTree = "<group>"; };
		24CC93752949FD8000495FF1 /* Assets.xcassets */ = {isa = PBXFileReference; lastKnownFileType = folder.assetcatalog; path = Assets.xcassets; sourceTree = "<group>"; };
		24CC93792949FD8000495FF1 /* Preview Assets.xcassets */ = {isa = PBXFileReference; lastKnownFileType = folder.assetcatalog; path = "Preview Assets.xcassets"; sourceTree = "<group>"; };
		24CC9382294A1D3F00495FF1 /* Constants.swift */ = {isa = PBXFileReference; fileEncoding = 4; lastKnownFileType = sourcecode.swift; path = Constants.swift; sourceTree = "<group>"; };
		24CC9385294A1D7100495FF1 /* AsyncGenericApi.swift */ = {isa = PBXFileReference; fileEncoding = 4; lastKnownFileType = sourcecode.swift; path = AsyncGenericApi.swift; sourceTree = "<group>"; };
		24CC9386294A1D7100495FF1 /* Client.swift */ = {isa = PBXFileReference; fileEncoding = 4; lastKnownFileType = sourcecode.swift; path = Client.swift; sourceTree = "<group>"; };
		24CC9387294A1D7100495FF1 /* ApiError.swift */ = {isa = PBXFileReference; fileEncoding = 4; lastKnownFileType = sourcecode.swift; path = ApiError.swift; sourceTree = "<group>"; };
		24CC939A294A1FA100495FF1 /* HomeViewModel.swift */ = {isa = PBXFileReference; fileEncoding = 4; lastKnownFileType = sourcecode.swift; path = HomeViewModel.swift; sourceTree = "<group>"; };
		24CC939F294A215800495FF1 /* Character.swift */ = {isa = PBXFileReference; fileEncoding = 4; lastKnownFileType = sourcecode.swift; path = Character.swift; sourceTree = "<group>"; };
		24D7AB2B29604D580012EEE6 /* CustomTabBarButton.swift */ = {isa = PBXFileReference; lastKnownFileType = sourcecode.swift; path = CustomTabBarButton.swift; sourceTree = "<group>"; };
		24E48021294A297500C83437 /* HomeViewCell.swift */ = {isa = PBXFileReference; fileEncoding = 4; lastKnownFileType = sourcecode.swift; path = HomeViewCell.swift; sourceTree = "<group>"; };
		24E48023294A298100C83437 /* HomeView.swift */ = {isa = PBXFileReference; lastKnownFileType = sourcecode.swift; path = HomeView.swift; sourceTree = "<group>"; };
		24E48028294A29B300C83437 /* CachedImage.swift */ = {isa = PBXFileReference; fileEncoding = 4; lastKnownFileType = sourcecode.swift; path = CachedImage.swift; sourceTree = "<group>"; };
		24E48029294A29B300C83437 /* ImageCache.swift */ = {isa = PBXFileReference; fileEncoding = 4; lastKnownFileType = sourcecode.swift; path = ImageCache.swift; sourceTree = "<group>"; };
		24E4802A294A29B300C83437 /* CachedImageManager.swift */ = {isa = PBXFileReference; fileEncoding = 4; lastKnownFileType = sourcecode.swift; path = CachedImageManager.swift; sourceTree = "<group>"; };
		24E4802B294A29B300C83437 /* ImageRetriver.swift */ = {isa = PBXFileReference; fileEncoding = 4; lastKnownFileType = sourcecode.swift; path = ImageRetriver.swift; sourceTree = "<group>"; };
		24E4802C294A29B300C83437 /* FileStorageManager.swift */ = {isa = PBXFileReference; fileEncoding = 4; lastKnownFileType = sourcecode.swift; path = FileStorageManager.swift; sourceTree = "<group>"; };
/* End PBXFileReference section */

/* Begin PBXFrameworksBuildPhase section */
		24CC936B2949FD7F00495FF1 /* Frameworks */ = {
			isa = PBXFrameworksBuildPhase;
			buildActionMask = 2147483647;
			files = (
				248A32F6295A17CA0036DFD5 /* Alamofire in Frameworks */,
			);
			runOnlyForDeploymentPostprocessing = 0;
		};
/* End PBXFrameworksBuildPhase section */

/* Begin PBXGroup section */
		248A32FB295A28560036DFD5 /* ViewModel */ = {
			isa = PBXGroup;
			children = (
				248A32B82959F10E0036DFD5 /* PhotosPickerViewModel.swift */,
				24CC939A294A1FA100495FF1 /* HomeViewModel.swift */,
			);
			path = ViewModel;
			sourceTree = "<group>";
		};
		24BB21202954644C0074F0D3 /* CustomTabBarView */ = {
			isa = PBXGroup;
			children = (
				2401FFCD2954A52900CF36E1 /* ScreenOne.swift */,
			);
			path = CustomTabBarView;
			sourceTree = "<group>";
		};
		24CC93652949FD7F00495FF1 = {
			isa = PBXGroup;
			children = (
				24CC93702949FD7F00495FF1 /* AsyncImageCahcingWithGenericJsonApi */,
				24CC936F2949FD7F00495FF1 /* Products */,
			);
			sourceTree = "<group>";
		};
		24CC936F2949FD7F00495FF1 /* Products */ = {
			isa = PBXGroup;
			children = (
				24CC936E2949FD7F00495FF1 /* AsyncImageCahcingWithGenericJsonApi.app */,
			);
			name = Products;
			sourceTree = "<group>";
		};
		24CC93702949FD7F00495FF1 /* AsyncImageCahcingWithGenericJsonApi */ = {
			isa = PBXGroup;
			children = (
				24CC938B294A1D8700495FF1 /* Application */,
				24E48027294A299E00C83437 /* Cached */,
				24CC9384294A1D4E00495FF1 /* Networking */,
				248A32FB295A28560036DFD5 /* ViewModel */,
				24CC939E294A207400495FF1 /* Model */,
				24CC9380294A1B0400495FF1 /* View */,
				24CC9381294A1D1F00495FF1 /* Utilis */,
				24CC93782949FD8000495FF1 /* Preview Content */,
			);
			path = AsyncImageCahcingWithGenericJsonApi;
			sourceTree = "<group>";
		};
		24CC93782949FD8000495FF1 /* Preview Content */ = {
			isa = PBXGroup;
			children = (
				24CC93792949FD8000495FF1 /* Preview Assets.xcassets */,
			);
			path = "Preview Content";
			sourceTree = "<group>";
		};
		24CC9380294A1B0400495FF1 /* View */ = {
			isa = PBXGroup;
			children = (
				24BB21202954644C0074F0D3 /* CustomTabBarView */,
				24E48023294A298100C83437 /* HomeView.swift */,
				2408962F2950BC3C00AD15CE /* EmptyViewForSearch.swift */,
				24C7F23D294DC2360021BAB1 /* DetailView.swift */,
				24E48021294A297500C83437 /* HomeViewCell.swift */,
			);
			path = View;
			sourceTree = "<group>";
		};
		24CC9381294A1D1F00495FF1 /* Utilis */ = {
			isa = PBXGroup;
			children = (
				2436180C294F548900ACB662 /* Database.swift */,
				24CC9382294A1D3F00495FF1 /* Constants.swift */,
				24D7AB2B29604D580012EEE6 /* CustomTabBarButton.swift */,
				248A32F7295A25BC0036DFD5 /* CustomTabBarView.swift */,
				248A32F9295A26F80036DFD5 /* CustomTabBar.swift */,
			);
			path = Utilis;
			sourceTree = "<group>";
		};
		24CC9384294A1D4E00495FF1 /* Networking */ = {
			isa = PBXGroup;
			children = (
				24CC9387294A1D7100495FF1 /* ApiError.swift */,
				24CC9385294A1D7100495FF1 /* AsyncGenericApi.swift */,
				24CC9386294A1D7100495FF1 /* Client.swift */,
			);
			path = Networking;
			sourceTree = "<group>";
		};
		24CC938B294A1D8700495FF1 /* Application */ = {
			isa = PBXGroup;
			children = (
				24CC93752949FD8000495FF1 /* Assets.xcassets */,
				24CC93712949FD7F00495FF1 /* AsyncImageCahcingWithGenericJsonApiApp.swift */,
			);
			path = Application;
			sourceTree = "<group>";
		};
		24CC939E294A207400495FF1 /* Model */ = {
			isa = PBXGroup;
			children = (
				24CC939F294A215800495FF1 /* Character.swift */,
				248A32BA295A04270036DFD5 /* PhotoPicker.swift */,
			);
			path = Model;
			sourceTree = "<group>";
		};
		24E48027294A299E00C83437 /* Cached */ = {
			isa = PBXGroup;
			children = (
				24E4802C294A29B300C83437 /* FileStorageManager.swift */,
				24E48028294A29B300C83437 /* CachedImage.swift */,
				24E4802A294A29B300C83437 /* CachedImageManager.swift */,
				24E48029294A29B300C83437 /* ImageCache.swift */,
				24E4802B294A29B300C83437 /* ImageRetriver.swift */,
			);
			path = Cached;
			sourceTree = "<group>";
		};
/* End PBXGroup section */

/* Begin PBXNativeTarget section */
		24CC936D2949FD7F00495FF1 /* AsyncImageCahcingWithGenericJsonApi */ = {
			isa = PBXNativeTarget;
			buildConfigurationList = 24CC937D2949FD8000495FF1 /* Build configuration list for PBXNativeTarget "AsyncImageCahcingWithGenericJsonApi" */;
			buildPhases = (
				24CC936A2949FD7F00495FF1 /* Sources */,
				24CC936B2949FD7F00495FF1 /* Frameworks */,
				24CC936C2949FD7F00495FF1 /* Resources */,
			);
			buildRules = (
			);
			dependencies = (
			);
			name = AsyncImageCahcingWithGenericJsonApi;
			packageProductDependencies = (
				248A32F5295A17CA0036DFD5 /* Alamofire */,
			);
			productName = AsyncImageCahcingWithGenericJsonApi;
			productReference = 24CC936E2949FD7F00495FF1 /* AsyncImageCahcingWithGenericJsonApi.app */;
			productType = "com.apple.product-type.application";
		};
/* End PBXNativeTarget section */

/* Begin PBXProject section */
		24CC93662949FD7F00495FF1 /* Project object */ = {
			isa = PBXProject;
			attributes = {
				BuildIndependentTargetsInParallel = 1;
				LastSwiftUpdateCheck = 1410;
				LastUpgradeCheck = 1410;
				TargetAttributes = {
					24CC936D2949FD7F00495FF1 = {
						CreatedOnToolsVersion = 14.1;
					};
				};
			};
			buildConfigurationList = 24CC93692949FD7F00495FF1 /* Build configuration list for PBXProject "AsyncImageCahcingWithGenericJsonApi" */;
			compatibilityVersion = "Xcode 14.0";
			developmentRegion = en;
			hasScannedForEncodings = 0;
			knownRegions = (
				en,
				Base,
			);
			mainGroup = 24CC93652949FD7F00495FF1;
			packageReferences = (
				248A32F4295A17CA0036DFD5 /* XCRemoteSwiftPackageReference "Alamofire" */,
			);
			productRefGroup = 24CC936F2949FD7F00495FF1 /* Products */;
			projectDirPath = "";
			projectRoot = "";
			targets = (
				24CC936D2949FD7F00495FF1 /* AsyncImageCahcingWithGenericJsonApi */,
			);
		};
/* End PBXProject section */

/* Begin PBXResourcesBuildPhase section */
		24CC936C2949FD7F00495FF1 /* Resources */ = {
			isa = PBXResourcesBuildPhase;
			buildActionMask = 2147483647;
			files = (
				24CC937A2949FD8000495FF1 /* Preview Assets.xcassets in Resources */,
				24CC93762949FD8000495FF1 /* Assets.xcassets in Resources */,
			);
			runOnlyForDeploymentPostprocessing = 0;
		};
/* End PBXResourcesBuildPhase section */

/* Begin PBXSourcesBuildPhase section */
		24CC936A2949FD7F00495FF1 /* Sources */ = {
			isa = PBXSourcesBuildPhase;
			buildActionMask = 2147483647;
			files = (
				24E4802E294A29B300C83437 /* ImageCache.swift in Sources */,
				24E4802F294A29B300C83437 /* CachedImageManager.swift in Sources */,
				24E48024294A298100C83437 /* HomeView.swift in Sources */,
				248A32B92959F10E0036DFD5 /* PhotosPickerViewModel.swift in Sources */,
				24E4802D294A29B300C83437 /* CachedImage.swift in Sources */,
				24CC93A0294A215800495FF1 /* Character.swift in Sources */,
				240896302950BC3C00AD15CE /* EmptyViewForSearch.swift in Sources */,
				24E48031294A29B300C83437 /* FileStorageManager.swift in Sources */,
				24E48022294A297500C83437 /* HomeViewCell.swift in Sources */,
				248A32BB295A04270036DFD5 /* PhotoPicker.swift in Sources */,
				24CC9388294A1D7100495FF1 /* AsyncGenericApi.swift in Sources */,
				24CC939B294A1FA100495FF1 /* HomeViewModel.swift in Sources */,
				248A32F8295A25BC0036DFD5 /* CustomTabBarView.swift in Sources */,
				248A32FA295A26F80036DFD5 /* CustomTabBar.swift in Sources */,
				2401FFCE2954A52900CF36E1 /* ScreenOne.swift in Sources */,
				24D7AB2C29604D580012EEE6 /* CustomTabBarButton.swift in Sources */,
				24CC93722949FD7F00495FF1 /* AsyncImageCahcingWithGenericJsonApiApp.swift in Sources */,
				24CC9389294A1D7100495FF1 /* Client.swift in Sources */,
				24E48030294A29B300C83437 /* ImageRetriver.swift in Sources */,
				2436180D294F548900ACB662 /* Database.swift in Sources */,
				24CC9383294A1D3F00495FF1 /* Constants.swift in Sources */,
				24C7F23E294DC2360021BAB1 /* DetailView.swift in Sources */,
				24CC938A294A1D7100495FF1 /* ApiError.swift in Sources */,
			);
			runOnlyForDeploymentPostprocessing = 0;
		};
/* End PBXSourcesBuildPhase section */

/* Begin XCBuildConfiguration section */
		24CC937B2949FD8000495FF1 /* Debug */ = {
			isa = XCBuildConfiguration;
			buildSettings = {
				ALWAYS_SEARCH_USER_PATHS = NO;
				CLANG_ANALYZER_NONNULL = YES;
				CLANG_ANALYZER_NUMBER_OBJECT_CONVERSION = YES_AGGRESSIVE;
				CLANG_CXX_LANGUAGE_STANDARD = "gnu++20";
				CLANG_ENABLE_MODULES = YES;
				CLANG_ENABLE_OBJC_ARC = YES;
				CLANG_ENABLE_OBJC_WEAK = YES;
				CLANG_WARN_BLOCK_CAPTURE_AUTORELEASING = YES;
				CLANG_WARN_BOOL_CONVERSION = YES;
				CLANG_WARN_COMMA = YES;
				CLANG_WARN_CONSTANT_CONVERSION = YES;
				CLANG_WARN_DEPRECATED_OBJC_IMPLEMENTATIONS = YES;
				CLANG_WARN_DIRECT_OBJC_ISA_USAGE = YES_ERROR;
				CLANG_WARN_DOCUMENTATION_COMMENTS = YES;
				CLANG_WARN_EMPTY_BODY = YES;
				CLANG_WARN_ENUM_CONVERSION = YES;
				CLANG_WARN_INFINITE_RECURSION = YES;
				CLANG_WARN_INT_CONVERSION = YES;
				CLANG_WARN_NON_LITERAL_NULL_CONVERSION = YES;
				CLANG_WARN_OBJC_IMPLICIT_RETAIN_SELF = YES;
				CLANG_WARN_OBJC_LITERAL_CONVERSION = YES;
				CLANG_WARN_OBJC_ROOT_CLASS = YES_ERROR;
				CLANG_WARN_QUOTED_INCLUDE_IN_FRAMEWORK_HEADER = YES;
				CLANG_WARN_RANGE_LOOP_ANALYSIS = YES;
				CLANG_WARN_STRICT_PROTOTYPES = YES;
				CLANG_WARN_SUSPICIOUS_MOVE = YES;
				CLANG_WARN_UNGUARDED_AVAILABILITY = YES_AGGRESSIVE;
				CLANG_WARN_UNREACHABLE_CODE = YES;
				CLANG_WARN__DUPLICATE_METHOD_MATCH = YES;
				COPY_PHASE_STRIP = NO;
				DEBUG_INFORMATION_FORMAT = dwarf;
				ENABLE_STRICT_OBJC_MSGSEND = YES;
				ENABLE_TESTABILITY = YES;
				GCC_C_LANGUAGE_STANDARD = gnu11;
				GCC_DYNAMIC_NO_PIC = NO;
				GCC_NO_COMMON_BLOCKS = YES;
				GCC_OPTIMIZATION_LEVEL = 0;
				GCC_PREPROCESSOR_DEFINITIONS = (
					"DEBUG=1",
					"$(inherited)",
				);
				GCC_WARN_64_TO_32_BIT_CONVERSION = YES;
				GCC_WARN_ABOUT_RETURN_TYPE = YES_ERROR;
				GCC_WARN_UNDECLARED_SELECTOR = YES;
				GCC_WARN_UNINITIALIZED_AUTOS = YES_AGGRESSIVE;
				GCC_WARN_UNUSED_FUNCTION = YES;
				GCC_WARN_UNUSED_VARIABLE = YES;
				MTL_ENABLE_DEBUG_INFO = INCLUDE_SOURCE;
				MTL_FAST_MATH = YES;
				ONLY_ACTIVE_ARCH = YES;
				SWIFT_ACTIVE_COMPILATION_CONDITIONS = DEBUG;
				SWIFT_OPTIMIZATION_LEVEL = "-Onone";
			};
			name = Debug;
		};
		24CC937C2949FD8000495FF1 /* Release */ = {
			isa = XCBuildConfiguration;
			buildSettings = {
				ALWAYS_SEARCH_USER_PATHS = NO;
				CLANG_ANALYZER_NONNULL = YES;
				CLANG_ANALYZER_NUMBER_OBJECT_CONVERSION = YES_AGGRESSIVE;
				CLANG_CXX_LANGUAGE_STANDARD = "gnu++20";
				CLANG_ENABLE_MODULES = YES;
				CLANG_ENABLE_OBJC_ARC = YES;
				CLANG_ENABLE_OBJC_WEAK = YES;
				CLANG_WARN_BLOCK_CAPTURE_AUTORELEASING = YES;
				CLANG_WARN_BOOL_CONVERSION = YES;
				CLANG_WARN_COMMA = YES;
				CLANG_WARN_CONSTANT_CONVERSION = YES;
				CLANG_WARN_DEPRECATED_OBJC_IMPLEMENTATIONS = YES;
				CLANG_WARN_DIRECT_OBJC_ISA_USAGE = YES_ERROR;
				CLANG_WARN_DOCUMENTATION_COMMENTS = YES;
				CLANG_WARN_EMPTY_BODY = YES;
				CLANG_WARN_ENUM_CONVERSION = YES;
				CLANG_WARN_INFINITE_RECURSION = YES;
				CLANG_WARN_INT_CONVERSION = YES;
				CLANG_WARN_NON_LITERAL_NULL_CONVERSION = YES;
				CLANG_WARN_OBJC_IMPLICIT_RETAIN_SELF = YES;
				CLANG_WARN_OBJC_LITERAL_CONVERSION = YES;
				CLANG_WARN_OBJC_ROOT_CLASS = YES_ERROR;
				CLANG_WARN_QUOTED_INCLUDE_IN_FRAMEWORK_HEADER = YES;
				CLANG_WARN_RANGE_LOOP_ANALYSIS = YES;
				CLANG_WARN_STRICT_PROTOTYPES = YES;
				CLANG_WARN_SUSPICIOUS_MOVE = YES;
				CLANG_WARN_UNGUARDED_AVAILABILITY = YES_AGGRESSIVE;
				CLANG_WARN_UNREACHABLE_CODE = YES;
				CLANG_WARN__DUPLICATE_METHOD_MATCH = YES;
				COPY_PHASE_STRIP = NO;
				DEBUG_INFORMATION_FORMAT = "dwarf-with-dsym";
				ENABLE_NS_ASSERTIONS = NO;
				ENABLE_STRICT_OBJC_MSGSEND = YES;
				GCC_C_LANGUAGE_STANDARD = gnu11;
				GCC_NO_COMMON_BLOCKS = YES;
				GCC_WARN_64_TO_32_BIT_CONVERSION = YES;
				GCC_WARN_ABOUT_RETURN_TYPE = YES_ERROR;
				GCC_WARN_UNDECLARED_SELECTOR = YES;
				GCC_WARN_UNINITIALIZED_AUTOS = YES_AGGRESSIVE;
				GCC_WARN_UNUSED_FUNCTION = YES;
				GCC_WARN_UNUSED_VARIABLE = YES;
				MTL_ENABLE_DEBUG_INFO = NO;
				MTL_FAST_MATH = YES;
				SWIFT_COMPILATION_MODE = wholemodule;
				SWIFT_OPTIMIZATION_LEVEL = "-O";
			};
			name = Release;
		};
		24CC937E2949FD8000495FF1 /* Debug */ = {
			isa = XCBuildConfiguration;
			buildSettings = {
				ASSETCATALOG_COMPILER_APPICON_NAME = AppIcon;
				ASSETCATALOG_COMPILER_GLOBAL_ACCENT_COLOR_NAME = AccentColor;
				CODE_SIGN_ENTITLEMENTS = AsyncImageCahcingWithGenericJsonApi/AsyncImageCahcingWithGenericJsonApi.entitlements;
				CODE_SIGN_STYLE = Automatic;
				CURRENT_PROJECT_VERSION = 1;
				DEVELOPMENT_ASSET_PATHS = "\"AsyncImageCahcingWithGenericJsonApi/Preview Content\"";
				DEVELOPMENT_TEAM = 783R72P4HL;
				ENABLE_HARDENED_RUNTIME = YES;
				ENABLE_PREVIEWS = YES;
				GENERATE_INFOPLIST_FILE = YES;
				"INFOPLIST_KEY_UIApplicationSceneManifest_Generation[sdk=iphoneos*]" = YES;
				"INFOPLIST_KEY_UIApplicationSceneManifest_Generation[sdk=iphonesimulator*]" = YES;
				"INFOPLIST_KEY_UIApplicationSupportsIndirectInputEvents[sdk=iphoneos*]" = YES;
				"INFOPLIST_KEY_UIApplicationSupportsIndirectInputEvents[sdk=iphonesimulator*]" = YES;
				"INFOPLIST_KEY_UILaunchScreen_Generation[sdk=iphoneos*]" = YES;
				"INFOPLIST_KEY_UILaunchScreen_Generation[sdk=iphonesimulator*]" = YES;
				"INFOPLIST_KEY_UIStatusBarStyle[sdk=iphoneos*]" = UIStatusBarStyleDefault;
				"INFOPLIST_KEY_UIStatusBarStyle[sdk=iphonesimulator*]" = UIStatusBarStyleDefault;
				INFOPLIST_KEY_UISupportedInterfaceOrientations_iPad = "UIInterfaceOrientationPortrait UIInterfaceOrientationPortraitUpsideDown UIInterfaceOrientationLandscapeLeft UIInterfaceOrientationLandscapeRight";
				INFOPLIST_KEY_UISupportedInterfaceOrientations_iPhone = "UIInterfaceOrientationPortrait UIInterfaceOrientationLandscapeLeft UIInterfaceOrientationLandscapeRight";
				IPHONEOS_DEPLOYMENT_TARGET = 16.0;
				LD_RUNPATH_SEARCH_PATHS = "@executable_path/Frameworks";
				"LD_RUNPATH_SEARCH_PATHS[sdk=macosx*]" = "@executable_path/../Frameworks";
				MACOSX_DEPLOYMENT_TARGET = 13.0;
				MARKETING_VERSION = 1.0;
				PRODUCT_BUNDLE_IDENTIFIER = IlijaMihajlovic.AsyncImageCahcingWithGenericJsonApi;
				PRODUCT_NAME = "$(TARGET_NAME)";
				SDKROOT = auto;
				SUPPORTED_PLATFORMS = "iphoneos iphonesimulator macosx";
				SWIFT_EMIT_LOC_STRINGS = YES;
				SWIFT_VERSION = 5.0;
				TARGETED_DEVICE_FAMILY = "1,2";
			};
			name = Debug;
		};
		24CC937F2949FD8000495FF1 /* Release */ = {
			isa = XCBuildConfiguration;
			buildSettings = {
				ASSETCATALOG_COMPILER_APPICON_NAME = AppIcon;
				ASSETCATALOG_COMPILER_GLOBAL_ACCENT_COLOR_NAME = AccentColor;
				CODE_SIGN_ENTITLEMENTS = AsyncImageCahcingWithGenericJsonApi/AsyncImageCahcingWithGenericJsonApi.entitlements;
				CODE_SIGN_STYLE = Automatic;
				CURRENT_PROJECT_VERSION = 1;
				DEVELOPMENT_ASSET_PATHS = "\"AsyncImageCahcingWithGenericJsonApi/Preview Content\"";
				DEVELOPMENT_TEAM = 783R72P4HL;
				ENABLE_HARDENED_RUNTIME = YES;
				ENABLE_PREVIEWS = YES;
				GENERATE_INFOPLIST_FILE = YES;
				"INFOPLIST_KEY_UIApplicationSceneManifest_Generation[sdk=iphoneos*]" = YES;
				"INFOPLIST_KEY_UIApplicationSceneManifest_Generation[sdk=iphonesimulator*]" = YES;
				"INFOPLIST_KEY_UIApplicationSupportsIndirectInputEvents[sdk=iphoneos*]" = YES;
				"INFOPLIST_KEY_UIApplicationSupportsIndirectInputEvents[sdk=iphonesimulator*]" = YES;
				"INFOPLIST_KEY_UILaunchScreen_Generation[sdk=iphoneos*]" = YES;
				"INFOPLIST_KEY_UILaunchScreen_Generation[sdk=iphonesimulator*]" = YES;
				"INFOPLIST_KEY_UIStatusBarStyle[sdk=iphoneos*]" = UIStatusBarStyleDefault;
				"INFOPLIST_KEY_UIStatusBarStyle[sdk=iphonesimulator*]" = UIStatusBarStyleDefault;
				INFOPLIST_KEY_UISupportedInterfaceOrientations_iPad = "UIInterfaceOrientationPortrait UIInterfaceOrientationPortraitUpsideDown UIInterfaceOrientationLandscapeLeft UIInterfaceOrientationLandscapeRight";
				INFOPLIST_KEY_UISupportedInterfaceOrientations_iPhone = "UIInterfaceOrientationPortrait UIInterfaceOrientationLandscapeLeft UIInterfaceOrientationLandscapeRight";
				IPHONEOS_DEPLOYMENT_TARGET = 16.0;
				LD_RUNPATH_SEARCH_PATHS = "@executable_path/Frameworks";
				"LD_RUNPATH_SEARCH_PATHS[sdk=macosx*]" = "@executable_path/../Frameworks";
				MACOSX_DEPLOYMENT_TARGET = 13.0;
				MARKETING_VERSION = 1.0;
				PRODUCT_BUNDLE_IDENTIFIER = IlijaMihajlovic.AsyncImageCahcingWithGenericJsonApi;
				PRODUCT_NAME = "$(TARGET_NAME)";
				SDKROOT = auto;
				SUPPORTED_PLATFORMS = "iphoneos iphonesimulator macosx";
				SWIFT_EMIT_LOC_STRINGS = YES;
				SWIFT_VERSION = 5.0;
				TARGETED_DEVICE_FAMILY = "1,2";
			};
			name = Release;
		};
/* End XCBuildConfiguration section */

/* Begin XCConfigurationList section */
		24CC93692949FD7F00495FF1 /* Build configuration list for PBXProject "AsyncImageCahcingWithGenericJsonApi" */ = {
			isa = XCConfigurationList;
			buildConfigurations = (
				24CC937B2949FD8000495FF1 /* Debug */,
				24CC937C2949FD8000495FF1 /* Release */,
			);
			defaultConfigurationIsVisible = 0;
			defaultConfigurationName = Release;
		};
		24CC937D2949FD8000495FF1 /* Build configuration list for PBXNativeTarget "AsyncImageCahcingWithGenericJsonApi" */ = {
			isa = XCConfigurationList;
			buildConfigurations = (
				24CC937E2949FD8000495FF1 /* Debug */,
				24CC937F2949FD8000495FF1 /* Release */,
			);
			defaultConfigurationIsVisible = 0;
			defaultConfigurationName = Release;
		};
/* End XCConfigurationList section */

/* Begin XCRemoteSwiftPackageReference section */
		248A32F4295A17CA0036DFD5 /* XCRemoteSwiftPackageReference "Alamofire" */ = {
			isa = XCRemoteSwiftPackageReference;
			repositoryURL = "https://github.com/Alamofire/Alamofire";
			requirement = {
				kind = upToNextMajorVersion;
				minimumVersion = 5.0.0;
			};
		};
/* End XCRemoteSwiftPackageReference section */

/* Begin XCSwiftPackageProductDependency section */
		248A32F5295A17CA0036DFD5 /* Alamofire */ = {
			isa = XCSwiftPackageProductDependency;
			package = 248A32F4295A17CA0036DFD5 /* XCRemoteSwiftPackageReference "Alamofire" */;
			productName = Alamofire;
		};
/* End XCSwiftPackageProductDependency section */
	};
	rootObject = 24CC93662949FD7F00495FF1 /* Project object */;
}
